
Microsoft Visual Studio Solution File, Format Version 12.00
# Visual Studio Version 17
VisualStudioVersion = 17.4.33110.190
MinimumVisualStudioVersion = 10.0.40219.1
Project("{9A19103F-16F7-4668-BE54-9A1E7A4F7556}") = "DATExtract", "src\DATExtract.csproj", "{76E6544A-281B-4C97-BD40-4EE3ACF42BEA}"
EndProject
Project("{9A19103F-16F7-4668-BE54-9A1E7A4F7556}") = "ModLib", "ModLib\src\ModLib.csproj", "{6E5603D2-1A0D-4E7E-BD38-983C0ADD6B38}"
EndProject
Global
	GlobalSection(SolutionConfigurationPlatforms) = preSolution
		Debug|Any CPU = Debug|Any CPU
		Release|Any CPU = Release|Any CPU
	EndGlobalSection
	GlobalSection(ProjectConfigurationPlatforms) = postSolution
		{76E6544A-281B-4C97-BD40-4EE3ACF42BEA}.Debug|Any CPU.ActiveCfg = Debug|Any CPU
		{76E6544A-281B-4C97-BD40-4EE3ACF42BEA}.Debug|Any CPU.Build.0 = Debug|Any CPU
		{76E6544A-281B-4C97-BD40-4EE3ACF42BEA}.Release|Any CPU.ActiveCfg = Release|Any CPU
		{76E6544A-281B-4C97-BD40-4EE3ACF42BEA}.Release|Any CPU.Build.0 = Release|Any CPU
		{6E5603D2-1A0D-4E7E-BD38-983C0ADD6B38}.Debug|Any CPU.ActiveCfg = Debug|Any CPU
		{6E5603D2-1A0D-4E7E-BD38-983C0ADD6B38}.Debug|Any CPU.Build.0 = Debug|Any CPU
		{6E5603D2-1A0D-4E7E-BD38-983C0ADD6B38}.Release|Any CPU.ActiveCfg = Release|Any CPU
		{6E5603D2-1A0D-4E7E-BD38-983C0ADD6B38}.Release|Any CPU.Build.0 = Release|Any CPU
	EndGlobalSection
	GlobalSection(SolutionProperties) = preSolution
		HideSolutionNode = FALSE
	EndGlobalSection
	GlobalSection(ExtensibilityGlobals) = postSolution
		SolutionGuid = {9DA46C6B-B6EE-43B7-AF0E-09EAFE579B40}
	EndGlobalSection
EndGlobal
